// !$*UTF8*$!
{
	archiveVersion = 1;
	classes = {
	};
	objectVersion = 46;
	objects = {

/* Begin PBXBuildFile section */
		61DAC0F219783CD60067D346 /* Foundation.framework in Frameworks */ = {isa = PBXBuildFile; fileRef = 61DAC0F119783CD60067D346 /* Foundation.framework */; };
		61DAC0F419783CD60067D346 /* CoreGraphics.framework in Frameworks */ = {isa = PBXBuildFile; fileRef = 61DAC0F319783CD60067D346 /* CoreGraphics.framework */; };
		61DAC0F619783CD60067D346 /* UIKit.framework in Frameworks */ = {isa = PBXBuildFile; fileRef = 61DAC0F519783CD60067D346 /* UIKit.framework */; };
		61DAC0FC19783CD60067D346 /* InfoPlist.strings in Resources */ = {isa = PBXBuildFile; fileRef = 61DAC0FA19783CD60067D346 /* InfoPlist.strings */; };
		61DAC0FE19783CD60067D346 /* main.m in Sources */ = {isa = PBXBuildFile; fileRef = 61DAC0FD19783CD60067D346 /* main.m */; };
		61DAC10219783CD60067D346 /* AppDelegate.m in Sources */ = {isa = PBXBuildFile; fileRef = 61DAC10119783CD60067D346 /* AppDelegate.m */; };
		61DAC10519783CD60067D346 /* Main.storyboard in Resources */ = {isa = PBXBuildFile; fileRef = 61DAC10319783CD60067D346 /* Main.storyboard */; };
		61DAC10819783CD60067D346 /* ViewController.m in Sources */ = {isa = PBXBuildFile; fileRef = 61DAC10719783CD60067D346 /* ViewController.m */; };
		61DAC10A19783CD60067D346 /* Images.xcassets in Resources */ = {isa = PBXBuildFile; fileRef = 61DAC10919783CD60067D346 /* Images.xcassets */; };
		61DAC11119783CD60067D346 /* XCTest.framework in Frameworks */ = {isa = PBXBuildFile; fileRef = 61DAC11019783CD60067D346 /* XCTest.framework */; };
		61DAC11219783CD70067D346 /* Foundation.framework in Frameworks */ = {isa = PBXBuildFile; fileRef = 61DAC0F119783CD60067D346 /* Foundation.framework */; };
		61DAC11319783CD70067D346 /* UIKit.framework in Frameworks */ = {isa = PBXBuildFile; fileRef = 61DAC0F519783CD60067D346 /* UIKit.framework */; };
		61DAC11B19783CD70067D346 /* InfoPlist.strings in Resources */ = {isa = PBXBuildFile; fileRef = 61DAC11919783CD70067D346 /* InfoPlist.strings */; };
		61DAC11D19783CD70067D346 /* exercicio10Tests.m in Sources */ = {isa = PBXBuildFile; fileRef = 61DAC11C19783CD70067D346 /* exercicio10Tests.m */; };
/* End PBXBuildFile section */

/* Begin PBXContainerItemProxy section */
		61DAC11419783CD70067D346 /* PBXContainerItemProxy */ = {
			isa = PBXContainerItemProxy;
			containerPortal = 61DAC0E619783CD50067D346 /* Project object */;
			proxyType = 1;
			remoteGlobalIDString = 61DAC0ED19783CD50067D346;
			remoteInfo = exercicio10;
		};
/* End PBXContainerItemProxy section */

/* Begin PBXFileReference section */
		61DAC0EE19783CD60067D346 /* exercicio10.app */ = {isa = PBXFileReference; explicitFileType = wrapper.application; includeInIndex = 0; path = exercicio10.app; sourceTree = BUILT_PRODUCTS_DIR; };
		61DAC0F119783CD60067D346 /* Foundation.framework */ = {isa = PBXFileReference; lastKnownFileType = wrapper.framework; name = Foundation.framework; path = System/Library/Frameworks/Foundation.framework; sourceTree = SDKROOT; };
		61DAC0F319783CD60067D346 /* CoreGraphics.framework */ = {isa = PBXFileReference; lastKnownFileType = wrapper.framework; name = CoreGraphics.framework; path = System/Library/Frameworks/CoreGraphics.framework; sourceTree = SDKROOT; };
		61DAC0F519783CD60067D346 /* UIKit.framework */ = {isa = PBXFileReference; lastKnownFileType = wrapper.framework; name = UIKit.framework; path = System/Library/Frameworks/UIKit.framework; sourceTree = SDKROOT; };
		61DAC0F919783CD60067D346 /* exercicio10-Info.plist */ = {isa = PBXFileReference; lastKnownFileType = text.plist.xml; path = "exercicio10-Info.plist"; sourceTree = "<group>"; };
		61DAC0FB19783CD60067D346 /* en */ = {isa = PBXFileReference; lastKnownFileType = text.plist.strings; name = en; path = en.lproj/InfoPlist.strings; sourceTree = "<group>"; };
		61DAC0FD19783CD60067D346 /* main.m */ = {isa = PBXFileReference; lastKnownFileType = sourcecode.c.objc; path = main.m; sourceTree = "<group>"; };
		61DAC0FF19783CD60067D346 /* exercicio10-Prefix.pch */ = {isa = PBXFileReference; lastKnownFileType = sourcecode.c.h; path = "exercicio10-Prefix.pch"; sourceTree = "<group>"; };
		61DAC10019783CD60067D346 /* AppDelegate.h */ = {isa = PBXFileReference; lastKnownFileType = sourcecode.c.h; path = AppDelegate.h; sourceTree = "<group>"; };
		61DAC10119783CD60067D346 /* AppDelegate.m */ = {isa = PBXFileReference; lastKnownFileType = sourcecode.c.objc; path = AppDelegate.m; sourceTree = "<group>"; };
		61DAC10419783CD60067D346 /* Base */ = {isa = PBXFileReference; lastKnownFileType = file.storyboard; name = Base; path = Base.lproj/Main.storyboard; sourceTree = "<group>"; };
		61DAC10619783CD60067D346 /* ViewController.h */ = {isa = PBXFileReference; lastKnownFileType = sourcecode.c.h; path = ViewController.h; sourceTree = "<group>"; };
		61DAC10719783CD60067D346 /* ViewController.m */ = {isa = PBXFileReference; lastKnownFileType = sourcecode.c.objc; path = ViewController.m; sourceTree = "<group>"; };
		61DAC10919783CD60067D346 /* Images.xcassets */ = {isa = PBXFileReference; lastKnownFileType = folder.assetcatalog; path = Images.xcassets; sourceTree = "<group>"; };
		61DAC10F19783CD60067D346 /* exercicio10Tests.xctest */ = {isa = PBXFileReference; explicitFileType = wrapper.cfbundle; includeInIndex = 0; path = exercicio10Tests.xctest; sourceTree = BUILT_PRODUCTS_DIR; };
		61DAC11019783CD60067D346 /* XCTest.framework */ = {isa = PBXFileReference; lastKnownFileType = wrapper.framework; name = XCTest.framework; path = Library/Frameworks/XCTest.framework; sourceTree = DEVELOPER_DIR; };
		61DAC11819783CD70067D346 /* exercicio10Tests-Info.plist */ = {isa = PBXFileReference; lastKnownFileType = text.plist.xml; path = "exercicio10Tests-Info.plist"; sourceTree = "<group>"; };
		61DAC11A19783CD70067D346 /* en */ = {isa = PBXFileReference; lastKnownFileType = text.plist.strings; name = en; path = en.lproj/InfoPlist.strings; sourceTree = "<group>"; };
		61DAC11C19783CD70067D346 /* exercicio10Tests.m */ = {isa = PBXFileReference; lastKnownFileType = sourcecode.c.objc; path = exercicio10Tests.m; sourceTree = "<group>"; };
/* End PBXFileReference section */

/* Begin PBXFrameworksBuildPhase section */
		61DAC0EB19783CD50067D346 /* Frameworks */ = {
			isa = PBXFrameworksBuildPhase;
			buildActionMask = 2147483647;
			files = (
				61DAC0F419783CD60067D346 /* CoreGraphics.framework in Frameworks */,
				61DAC0F619783CD60067D346 /* UIKit.framework in Frameworks */,
				61DAC0F219783CD60067D346 /* Foundation.framework in Frameworks */,
			);
			runOnlyForDeploymentPostprocessing = 0;
		};
		61DAC10C19783CD60067D346 /* Frameworks */ = {
			isa = PBXFrameworksBuildPhase;
			buildActionMask = 2147483647;
			files = (
				61DAC11119783CD60067D346 /* XCTest.framework in Frameworks */,
				61DAC11319783CD70067D346 /* UIKit.framework in Frameworks */,
				61DAC11219783CD70067D346 /* Foundation.framework in Frameworks */,
			);
			runOnlyForDeploymentPostprocessing = 0;
		};
/* End PBXFrameworksBuildPhase section */

/* Begin PBXGroup section */
		61DAC0E519783CD50067D346 = {
			isa = PBXGroup;
			children = (
				61DAC0F719783CD60067D346 /* exercicio10 */,
				61DAC11619783CD70067D346 /* exercicio10Tests */,
				61DAC0F019783CD60067D346 /* Frameworks */,
				61DAC0EF19783CD60067D346 /* Products */,
			);
			sourceTree = "<group>";
		};
		61DAC0EF19783CD60067D346 /* Products */ = {
			isa = PBXGroup;
			children = (
				61DAC0EE19783CD60067D346 /* exercicio10.app */,
				61DAC10F19783CD60067D346 /* exercicio10Tests.xctest */,
			);
			name = Products;
			sourceTree = "<group>";
		};
		61DAC0F019783CD60067D346 /* Frameworks */ = {
			isa = PBXGroup;
			children = (
				61DAC0F119783CD60067D346 /* Foundation.framework */,
				61DAC0F319783CD60067D346 /* CoreGraphics.framework */,
				61DAC0F519783CD60067D346 /* UIKit.framework */,
				61DAC11019783CD60067D346 /* XCTest.framework */,
			);
			name = Frameworks;
			sourceTree = "<group>";
		};
		61DAC0F719783CD60067D346 /* exercicio10 */ = {
			isa = PBXGroup;
			children = (
				61DAC10019783CD60067D346 /* AppDelegate.h */,
				61DAC10119783CD60067D346 /* AppDelegate.m */,
				61DAC10319783CD60067D346 /* Main.storyboard */,
				61DAC10619783CD60067D346 /* ViewController.h */,
				61DAC10719783CD60067D346 /* ViewController.m */,
				61DAC10919783CD60067D346 /* Images.xcassets */,
				61DAC0F819783CD60067D346 /* Supporting Files */,
			);
			path = exercicio10;
			sourceTree = "<group>";
		};
		61DAC0F819783CD60067D346 /* Supporting Files */ = {
			isa = PBXGroup;
			children = (
				61DAC0F919783CD60067D346 /* exercicio10-Info.plist */,
				61DAC0FA19783CD60067D346 /* InfoPlist.strings */,
				61DAC0FD19783CD60067D346 /* main.m */,
				61DAC0FF19783CD60067D346 /* exercicio10-Prefix.pch */,
			);
			name = "Supporting Files";
			sourceTree = "<group>";
		};
		61DAC11619783CD70067D346 /* exercicio10Tests */ = {
			isa = PBXGroup;
			children = (
				61DAC11C19783CD70067D346 /* exercicio10Tests.m */,
				61DAC11719783CD70067D346 /* Supporting Files */,
			);
			path = exercicio10Tests;
			sourceTree = "<group>";
		};
		61DAC11719783CD70067D346 /* Supporting Files */ = {
			isa = PBXGroup;
			children = (
				61DAC11819783CD70067D346 /* exercicio10Tests-Info.plist */,
				61DAC11919783CD70067D346 /* InfoPlist.strings */,
			);
			name = "Supporting Files";
			sourceTree = "<group>";
		};
/* End PBXGroup section */

/* Begin PBXNativeTarget section */
		61DAC0ED19783CD50067D346 /* exercicio10 */ = {
			isa = PBXNativeTarget;
			buildConfigurationList = 61DAC12019783CD70067D346 /* Build configuration list for PBXNativeTarget "exercicio10" */;
			buildPhases = (
				61DAC0EA19783CD50067D346 /* Sources */,
				61DAC0EB19783CD50067D346 /* Frameworks */,
				61DAC0EC19783CD50067D346 /* Resources */,
			);
			buildRules = (
			);
			dependencies = (
			);
			name = exercicio10;
			productName = exercicio10;
			productReference = 61DAC0EE19783CD60067D346 /* exercicio10.app */;
			productType = "com.apple.product-type.application";
		};
		61DAC10E19783CD60067D346 /* exercicio10Tests */ = {
			isa = PBXNativeTarget;
			buildConfigurationList = 61DAC12319783CD70067D346 /* Build configuration list for PBXNativeTarget "exercicio10Tests" */;
			buildPhases = (
				61DAC10B19783CD60067D346 /* Sources */,
				61DAC10C19783CD60067D346 /* Frameworks */,
				61DAC10D19783CD60067D346 /* Resources */,
			);
			buildRules = (
			);
			dependencies = (
				61DAC11519783CD70067D346 /* PBXTargetDependency */,
			);
			name = exercicio10Tests;
			productName = exercicio10Tests;
			productReference = 61DAC10F19783CD60067D346 /* exercicio10Tests.xctest */;
			productType = "com.apple.product-type.bundle.unit-test";
		};
/* End PBXNativeTarget section */

/* Begin PBXProject section */
		61DAC0E619783CD50067D346 /* Project object */ = {
			isa = PBXProject;
			attributes = {
				LastUpgradeCheck = 0510;
				ORGANIZATIONNAME = "Jackson F. de A. Mafra";
				TargetAttributes = {
					61DAC10E19783CD60067D346 = {
						TestTargetID = 61DAC0ED19783CD50067D346;
					};
				};
			};
			buildConfigurationList = 61DAC0E919783CD50067D346 /* Build configuration list for PBXProject "exercicio10" */;
			compatibilityVersion = "Xcode 3.2";
			developmentRegion = English;
			hasScannedForEncodings = 0;
			knownRegions = (
				en,
				Base,
			);
			mainGroup = 61DAC0E519783CD50067D346;
			productRefGroup = 61DAC0EF19783CD60067D346 /* Products */;
			projectDirPath = "";
			projectRoot = "";
			targets = (
				61DAC0ED19783CD50067D346 /* exercicio10 */,
				61DAC10E19783CD60067D346 /* exercicio10Tests */,
			);
		};
/* End PBXProject section */

/* Begin PBXResourcesBuildPhase section */
		61DAC0EC19783CD50067D346 /* Resources */ = {
			isa = PBXResourcesBuildPhase;
			buildActionMask = 2147483647;
			files = (
				61DAC10A19783CD60067D346 /* Images.xcassets in Resources */,
				61DAC0FC19783CD60067D346 /* InfoPlist.strings in Resources */,
				61DAC10519783CD60067D346 /* Main.storyboard in Resources */,
			);
			runOnlyForDeploymentPostprocessing = 0;
		};
		61DAC10D19783CD60067D346 /* Resources */ = {
			isa = PBXResourcesBuildPhase;
			buildActionMask = 2147483647;
			files = (
				61DAC11B19783CD70067D346 /* InfoPlist.strings in Resources */,
			);
			runOnlyForDeploymentPostprocessing = 0;
		};
/* End PBXResourcesBuildPhase section */

/* Begin PBXSourcesBuildPhase section */
		61DAC0EA19783CD50067D346 /* Sources */ = {
			isa = PBXSourcesBuildPhase;
			buildActionMask = 2147483647;
			files = (
				61DAC10819783CD60067D346 /* ViewController.m in Sources */,
				61DAC10219783CD60067D346 /* AppDelegate.m in Sources */,
				61DAC0FE19783CD60067D346 /* main.m in Sources */,
			);
			runOnlyForDeploymentPostprocessing = 0;
		};
		61DAC10B19783CD60067D346 /* Sources */ = {
			isa = PBXSourcesBuildPhase;
			buildActionMask = 2147483647;
			files = (
				61DAC11D19783CD70067D346 /* exercicio10Tests.m in Sources */,
			);
			runOnlyForDeploymentPostprocessing = 0;
		};
/* End PBXSourcesBuildPhase section */

/* Begin PBXTargetDependency section */
		61DAC11519783CD70067D346 /* PBXTargetDependency */ = {
			isa = PBXTargetDependency;
			target = 61DAC0ED19783CD50067D346 /* exercicio10 */;
			targetProxy = 61DAC11419783CD70067D346 /* PBXContainerItemProxy */;
		};
/* End PBXTargetDependency section */

/* Begin PBXVariantGroup section */
		61DAC0FA19783CD60067D346 /* InfoPlist.strings */ = {
			isa = PBXVariantGroup;
			children = (
				61DAC0FB19783CD60067D346 /* en */,
			);
			name = InfoPlist.strings;
			sourceTree = "<group>";
		};
		61DAC10319783CD60067D346 /* Main.storyboard */ = {
			isa = PBXVariantGroup;
			children = (
				61DAC10419783CD60067D346 /* Base */,
			);
			name = Main.storyboard;
			sourceTree = "<group>";
		};
		61DAC11919783CD70067D346 /* InfoPlist.strings */ = {
			isa = PBXVariantGroup;
			children = (
				61DAC11A19783CD70067D346 /* en */,
			);
			name = InfoPlist.strings;
			sourceTree = "<group>";
		};
/* End PBXVariantGroup section */

/* Begin XCBuildConfiguration section */
		61DAC11E19783CD70067D346 /* Debug */ = {
			isa = XCBuildConfiguration;
			buildSettings = {
				ALWAYS_SEARCH_USER_PATHS = NO;
				CLANG_CXX_LANGUAGE_STANDARD = "gnu++0x";
				CLANG_CXX_LIBRARY = "libc++";
				CLANG_ENABLE_MODULES = YES;
				CLANG_ENABLE_OBJC_ARC = YES;
				CLANG_WARN_BOOL_CONVERSION = YES;
				CLANG_WARN_CONSTANT_CONVERSION = YES;
				CLANG_WARN_DIRECT_OBJC_ISA_USAGE = YES_ERROR;
				CLANG_WARN_EMPTY_BODY = YES;
				CLANG_WARN_ENUM_CONVERSION = YES;
				CLANG_WARN_INT_CONVERSION = YES;
				CLANG_WARN_OBJC_ROOT_CLASS = YES_ERROR;
				CLANG_WARN__DUPLICATE_METHOD_MATCH = YES;
				"CODE_SIGN_IDENTITY[sdk=iphoneos*]" = "iPhone Developer";
				COPY_PHASE_STRIP = NO;
				GCC_C_LANGUAGE_STANDARD = gnu99;
				GCC_DYNAMIC_NO_PIC = NO;
				GCC_OPTIMIZATION_LEVEL = 0;
				GCC_PREPROCESSOR_DEFINITIONS = (
					"DEBUG=1",
					"$(inherited)",
				);
				GCC_SYMBOLS_PRIVATE_EXTERN = NO;
				GCC_WARN_64_TO_32_BIT_CONVERSION = YES;
				GCC_WARN_ABOUT_RETURN_TYPE = YES_ERROR;
				GCC_WARN_UNDECLARED_SELECTOR = YES;
				GCC_WARN_UNINITIALIZED_AUTOS = YES_AGGRESSIVE;
				GCC_WARN_UNUSED_FUNCTION = YES;
				GCC_WARN_UNUSED_VARIABLE = YES;
				IPHONEOS_DEPLOYMENT_TARGET = 7.1;
				ONLY_ACTIVE_ARCH = YES;
				SDKROOT = iphoneos;
			};
			name = Debug;
		};
		61DAC11F19783CD70067D346 /* Release */ = {
			isa = XCBuildConfiguration;
			buildSettings = {
				ALWAYS_SEARCH_USER_PATHS = NO;
				CLANG_CXX_LANGUAGE_STANDARD = "gnu++0x";
				CLANG_CXX_LIBRARY = "libc++";
				CLANG_ENABLE_MODULES = YES;
				CLANG_ENABLE_OBJC_ARC = YES;
				CLANG_WARN_BOOL_CONVERSION = YES;
				CLANG_WARN_CONSTANT_CONVERSION = YES;
				CLANG_WARN_DIRECT_OBJC_ISA_USAGE = YES_ERROR;
				CLANG_WARN_EMPTY_BODY = YES;
				CLANG_WARN_ENUM_CONVERSION = YES;
				CLANG_WARN_INT_CONVERSION = YES;
				CLANG_WARN_OBJC_ROOT_CLASS = YES_ERROR;
				CLANG_WARN__DUPLICATE_METHOD_MATCH = YES;
				"CODE_SIGN_IDENTITY[sdk=iphoneos*]" = "iPhone Developer";
				COPY_PHASE_STRIP = YES;
				ENABLE_NS_ASSERTIONS = NO;
				GCC_C_LANGUAGE_STANDARD = gnu99;
				GCC_WARN_64_TO_32_BIT_CONVERSION = YES;
				GCC_WARN_ABOUT_RETURN_TYPE = YES_ERROR;
				GCC_WARN_UNDECLARED_SELECTOR = YES;
				GCC_WARN_UNINITIALIZED_AUTOS = YES_AGGRESSIVE;
				GCC_WARN_UNUSED_FUNCTION = YES;
				GCC_WARN_UNUSED_VARIABLE = YES;
				IPHONEOS_DEPLOYMENT_TARGET = 7.1;
				SDKROOT = iphoneos;
				VALIDATE_PRODUCT = YES;
			};
			name = Release;
		};
		61DAC12119783CD70067D346 /* Debug */ = {
			isa = XCBuildConfiguration;
			buildSettings = {
				ASSETCATALOG_COMPILER_APPICON_NAME = AppIcon;
				ASSETCATALOG_COMPILER_LAUNCHIMAGE_NAME = LaunchImage;
				GCC_PRECOMPILE_PREFIX_HEADER = YES;
				GCC_PREFIX_HEADER = "exercicio10/exercicio10-Prefix.pch";
				INFOPLIST_FILE = "exercicio10/exercicio10-Info.plist";
				PRODUCT_NAME = "$(TARGET_NAME)";
				WRAPPER_EXTENSION = app;
			};
			name = Debug;
		};
		61DAC12219783CD70067D346 /* Release */ = {
			isa = XCBuildConfiguration;
			buildSettings = {
				ASSETCATALOG_COMPILER_APPICON_NAME = AppIcon;
				ASSETCATALOG_COMPILER_LAUNCHIMAGE_NAME = LaunchImage;
				GCC_PRECOMPILE_PREFIX_HEADER = YES;
				GCC_PREFIX_HEADER = "exercicio10/exercicio10-Prefix.pch";
				INFOPLIST_FILE = "exercicio10/exercicio10-Info.plist";
				PRODUCT_NAME = "$(TARGET_NAME)";
				WRAPPER_EXTENSION = app;
			};
			name = Release;
		};
		61DAC12419783CD70067D346 /* Debug */ = {
			isa = XCBuildConfiguration;
			buildSettings = {
				BUNDLE_LOADER = "$(BUILT_PRODUCTS_DIR)/exercicio10.app/exercicio10";
				FRAMEWORK_SEARCH_PATHS = (
					"$(SDKROOT)/Developer/Library/Frameworks",
					"$(inherited)",
					"$(DEVELOPER_FRAMEWORKS_DIR)",
				);
				GCC_PRECOMPILE_PREFIX_HEADER = YES;
				GCC_PREFIX_HEADER = "exercicio10/exercicio10-Prefix.pch";
				GCC_PREPROCESSOR_DEFINITIONS = (
					"DEBUG=1",
					"$(inherited)",
				);
				INFOPLIST_FILE = "exercicio10Tests/exercicio10Tests-Info.plist";
				PRODUCT_NAME = "$(TARGET_NAME)";
				TEST_HOST = "$(BUNDLE_LOADER)";
				WRAPPER_EXTENSION = xctest;
			};
			name = Debug;
		};
		61DAC12519783CD70067D346 /* Release */ = {
			isa = XCBuildConfiguration;
			buildSettings = {
				BUNDLE_LOADER = "$(BUILT_PRODUCTS_DIR)/exercicio10.app/exercicio10";
				FRAMEWORK_SEARCH_PATHS = (
					"$(SDKROOT)/Developer/Library/Frameworks",
					"$(inherited)",
					"$(DEVELOPER_FRAMEWORKS_DIR)",
				);
				GCC_PRECOMPILE_PREFIX_HEADER = YES;
				GCC_PREFIX_HEADER = "exercicio10/exercicio10-Prefix.pch";
				INFOPLIST_FILE = "exercicio10Tests/exercicio10Tests-Info.plist";
				PRODUCT_NAME = "$(TARGET_NAME)";
				TEST_HOST = "$(BUNDLE_LOADER)";
				WRAPPER_EXTENSION = xctest;
			};
			name = Release;
		};
/* End XCBuildConfiguration section */

/* Begin XCConfigurationList section */
		61DAC0E919783CD50067D346 /* Build configuration list for PBXProject "exercicio10" */ = {
			isa = XCConfigurationList;
			buildConfigurations = (
				61DAC11E19783CD70067D346 /* Debug */,
				61DAC11F19783CD70067D346 /* Release */,
			);
			defaultConfigurationIsVisible = 0;
			defaultConfigurationName = Release;
		};
		61DAC12019783CD70067D346 /* Build configuration list for PBXNativeTarget "exercicio10" */ = {
			isa = XCConfigurationList;
			buildConfigurations = (
				61DAC12119783CD70067D346 /* Debug */,
				61DAC12219783CD70067D346 /* Release */,
			);
			defaultConfigurationIsVisible = 0;
		};
		61DAC12319783CD70067D346 /* Build configuration list for PBXNativeTarget "exercicio10Tests" */ = {
			isa = XCConfigurationList;
			buildConfigurations = (
				61DAC12419783CD70067D346 /* Debug */,
				61DAC12519783CD70067D346 /* Release */,
			);
			defaultConfigurationIsVisible = 0;
		};
/* End XCConfigurationList section */
	};
	rootObject = 61DAC0E619783CD50067D346 /* Project object */;
}
